Microsoft Visual Studio Solution File, Format Version 8.00
Project("{8BC9CEB8-8B4A-11D0-8D11-00A0C91BC942}") = "3dview2", "3dview2.vcproj", "{4F88708E-2BAD-48FB-91F6-7315B0B859FB}"
	ProjectSection(ProjectDependencies) = postProject
	EndProjectSection
EndProject
Global
	GlobalSection(SolutionConfiguration) = preSolution
		Debug = Debug
		Release = Release
		Release DLL = Release DLL
	EndGlobalSection
	GlobalSection(ProjectConfiguration) = postSolution
		{4F88708E-2BAD-48FB-91F6-7315B0B859FB}.Debug.ActiveCfg = Debug|Win32
		{4F88708E-2BAD-48FB-91F6-7315B0B859FB}.Debug.Build.0 = Debug|Win32
		{4F88708E-2BAD-48FB-91F6-7315B0B859FB}.Release.ActiveCfg = Release|Win32
		{4F88708E-2BAD-48FB-91F6-7315B0B859FB}.Release.Build.0 = Release|Win32
		{4F88708E-2BAD-48FB-91F6-7315B0B859FB}.Release DLL.ActiveCfg = Release DLL|Win32
		{4F88708E-2BAD-48FB-91F6-7315B0B859FB}.Release DLL.Build.0 = Release DLL|Win32
	EndGlobalSection
	GlobalSection(ExtensibilityGlobals) = postSolution
	EndGlobalSection
	GlobalSection(ExtensibilityAddIns) = postSolution
	EndGlobalSection
EndGlobal
